// !$*UTF8*$!
{
	archiveVersion = 1;
	classes = {
	};
	objectVersion = 48;
	objects = {

/* Begin PBXBuildFile section */
		30F535982074EFE0006DF67D /* AppDelegate.swift in Sources */ = {isa = PBXBuildFile; fileRef = 30F535972074EFE0006DF67D /* AppDelegate.swift */; };
		30F5359A2074EFE0006DF67D /* ViewController.swift in Sources */ = {isa = PBXBuildFile; fileRef = 30F535992074EFE0006DF67D /* ViewController.swift */; };
		30F5359D2074EFE0006DF67D /* Main.storyboard in Resources */ = {isa = PBXBuildFile; fileRef = 30F5359B2074EFE0006DF67D /* Main.storyboard */; };
		30F5359F2074EFE0006DF67D /* Assets.xcassets in Resources */ = {isa = PBXBuildFile; fileRef = 30F5359E2074EFE0006DF67D /* Assets.xcassets */; };
		30F535A22074EFE0006DF67D /* LaunchScreen.storyboard in Resources */ = {isa = PBXBuildFile; fileRef = 30F535A02074EFE0006DF67D /* LaunchScreen.storyboard */; };
		30F535AD2074F8F3006DF67D /* Track.swift in Sources */ = {isa = PBXBuildFile; fileRef = 30F535AC2074F8F3006DF67D /* Track.swift */; };
		30F535B0207508E4006DF67D /* LibraryAPI.swift in Sources */ = {isa = PBXBuildFile; fileRef = 30F535AF207508E4006DF67D /* LibraryAPI.swift */; };
		30F535B2207509D9006DF67D /* Constants.swift in Sources */ = {isa = PBXBuildFile; fileRef = 30F535B1207509D9006DF67D /* Constants.swift */; };
		30F535B420750F18006DF67D /* PersistencyManager.swift in Sources */ = {isa = PBXBuildFile; fileRef = 30F535B320750F18006DF67D /* PersistencyManager.swift */; };
/* End PBXBuildFile section */

/* Begin PBXFileReference section */
		30F535942074EFE0006DF67D /* Gins.app */ = {isa = PBXFileReference; explicitFileType = wrapper.application; includeInIndex = 0; path = Gins.app; sourceTree = BUILT_PRODUCTS_DIR; };
		30F535972074EFE0006DF67D /* AppDelegate.swift */ = {isa = PBXFileReference; lastKnownFileType = sourcecode.swift; path = AppDelegate.swift; sourceTree = "<group>"; };
		30F535992074EFE0006DF67D /* ViewController.swift */ = {isa = PBXFileReference; lastKnownFileType = sourcecode.swift; path = ViewController.swift; sourceTree = "<group>"; };
		30F5359C2074EFE0006DF67D /* Base */ = {isa = PBXFileReference; lastKnownFileType = file.storyboard; name = Base; path = Base.lproj/Main.storyboard; sourceTree = "<group>"; };
		30F5359E2074EFE0006DF67D /* Assets.xcassets */ = {isa = PBXFileReference; lastKnownFileType = folder.assetcatalog; path = Assets.xcassets; sourceTree = "<group>"; };
		30F535A12074EFE0006DF67D /* Base */ = {isa = PBXFileReference; lastKnownFileType = file.storyboard; name = Base; path = Base.lproj/LaunchScreen.storyboard; sourceTree = "<group>"; };
		30F535A32074EFE0006DF67D /* Info.plist */ = {isa = PBXFileReference; lastKnownFileType = text.plist.xml; path = Info.plist; sourceTree = "<group>"; };
		30F535AC2074F8F3006DF67D /* Track.swift */ = {isa = PBXFileReference; lastKnownFileType = sourcecode.swift; path = Track.swift; sourceTree = "<group>"; };
		30F535AF207508E4006DF67D /* LibraryAPI.swift */ = {isa = PBXFileReference; lastKnownFileType = sourcecode.swift; path = LibraryAPI.swift; sourceTree = "<group>"; };
		30F535B1207509D9006DF67D /* Constants.swift */ = {isa = PBXFileReference; lastKnownFileType = sourcecode.swift; path = Constants.swift; sourceTree = "<group>"; };
		30F535B320750F18006DF67D /* PersistencyManager.swift */ = {isa = PBXFileReference; lastKnownFileType = sourcecode.swift; path = PersistencyManager.swift; sourceTree = "<group>"; };
/* End PBXFileReference section */

/* Begin PBXFrameworksBuildPhase section */
		30F535912074EFE0006DF67D /* Frameworks */ = {
			isa = PBXFrameworksBuildPhase;
			buildActionMask = 2147483647;
			files = (
			);
			runOnlyForDeploymentPostprocessing = 0;
		};
/* End PBXFrameworksBuildPhase section */

/* Begin PBXGroup section */
		30F5358B2074EFE0006DF67D = {
			isa = PBXGroup;
			children = (
				30F535962074EFE0006DF67D /* Gins */,
				30F535952074EFE0006DF67D /* Products */,
			);
			sourceTree = "<group>";
		};
		30F535952074EFE0006DF67D /* Products */ = {
			isa = PBXGroup;
			children = (
				30F535942074EFE0006DF67D /* Gins.app */,
			);
			name = Products;
			sourceTree = "<group>";
		};
		30F535962074EFE0006DF67D /* Gins */ = {
			isa = PBXGroup;
			children = (
				30F5359B2074EFE0006DF67D /* Main.storyboard */,
				30F535A92074F7B1006DF67D /* Modal */,
				30F535AA2074F7BE006DF67D /* View */,
				30F535AB2074F7CA006DF67D /* Controller */,
				30F535AE207508B4006DF67D /* API */,
				30F5359E2074EFE0006DF67D /* Assets.xcassets */,
				30F535972074EFE0006DF67D /* AppDelegate.swift */,
				30F535A02074EFE0006DF67D /* LaunchScreen.storyboard */,
				30F535A32074EFE0006DF67D /* Info.plist */,
			);
			path = Gins;
			sourceTree = "<group>";
		};
		30F535A92074F7B1006DF67D /* Modal */ = {
			isa = PBXGroup;
			children = (
				30F535AC2074F8F3006DF67D /* Track.swift */,
			);
			path = Modal;
			sourceTree = "<group>";
		};
		30F535AA2074F7BE006DF67D /* View */ = {
			isa = PBXGroup;
			children = (
			);
			path = View;
			sourceTree = "<group>";
		};
		30F535AB2074F7CA006DF67D /* Controller */ = {
			isa = PBXGroup;
			children = (
				30F535992074EFE0006DF67D /* ViewController.swift */,
			);
			path = Controller;
			sourceTree = "<group>";
		};
		30F535AE207508B4006DF67D /* API */ = {
			isa = PBXGroup;
			children = (
				30F535AF207508E4006DF67D /* LibraryAPI.swift */,
				30F535B1207509D9006DF67D /* Constants.swift */,
				30F535B320750F18006DF67D /* PersistencyManager.swift */,
			);
			path = API;
			sourceTree = "<group>";
		};
/* End PBXGroup section */

/* Begin PBXNativeTarget section */
		30F535932074EFE0006DF67D /* Gins */ = {
			isa = PBXNativeTarget;
			buildConfigurationList = 30F535A62074EFE0006DF67D /* Build configuration list for PBXNativeTarget "Gins" */;
			buildPhases = (
				30F535902074EFE0006DF67D /* Sources */,
				30F535912074EFE0006DF67D /* Frameworks */,
				30F535922074EFE0006DF67D /* Resources */,
			);
			buildRules = (
			);
			dependencies = (
			);
			name = Gins;
			productName = Gins;
			productReference = 30F535942074EFE0006DF67D /* Gins.app */;
			productType = "com.apple.product-type.application";
		};
/* End PBXNativeTarget section */

/* Begin PBXProject section */
		30F5358C2074EFE0006DF67D /* Project object */ = {
			isa = PBXProject;
			attributes = {
				LastSwiftUpdateCheck = 0920;
				LastUpgradeCheck = 0920;
				ORGANIZATIONNAME = Dean;
				TargetAttributes = {
					30F535932074EFE0006DF67D = {
						CreatedOnToolsVersion = 9.2;
						ProvisioningStyle = Automatic;
					};
				};
			};
			buildConfigurationList = 30F5358F2074EFE0006DF67D /* Build configuration list for PBXProject "Gins" */;
			compatibilityVersion = "Xcode 8.0";
			developmentRegion = en;
			hasScannedForEncodings = 0;
			knownRegions = (
				en,
				Base,
			);
			mainGroup = 30F5358B2074EFE0006DF67D;
			productRefGroup = 30F535952074EFE0006DF67D /* Products */;
			projectDirPath = "";
			projectRoot = "";
			targets = (
				30F535932074EFE0006DF67D /* Gins */,
			);
		};
/* End PBXProject section */

/* Begin PBXResourcesBuildPhase section */
		30F535922074EFE0006DF67D /* Resources */ = {
			isa = PBXResourcesBuildPhase;
			buildActionMask = 2147483647;
			files = (
				30F535A22074EFE0006DF67D /* LaunchScreen.storyboard in Resources */,
				30F5359F2074EFE0006DF67D /* Assets.xcassets in Resources */,
				30F5359D2074EFE0006DF67D /* Main.storyboard in Resources */,
			);
			runOnlyForDeploymentPostprocessing = 0;
		};
/* End PBXResourcesBuildPhase section */

/* Begin PBXSourcesBuildPhase section */
		30F535902074EFE0006DF67D /* Sources */ = {
			isa = PBXSourcesBuildPhase;
			buildActionMask = 2147483647;
			files = (
				30F535B2207509D9006DF67D /* Constants.swift in Sources */,
				30F535B420750F18006DF67D /* PersistencyManager.swift in Sources */,
				30F5359A2074EFE0006DF67D /* ViewController.swift in Sources */,
				30F535982074EFE0006DF67D /* AppDelegate.swift in Sources */,
				30F535B0207508E4006DF67D /* LibraryAPI.swift in Sources */,
				30F535AD2074F8F3006DF67D /* Track.swift in Sources */,
			);
			runOnlyForDeploymentPostprocessing = 0;
		};
/* End PBXSourcesBuildPhase section */

/* Begin PBXVariantGroup section */
		30F5359B2074EFE0006DF67D /* Main.storyboard */ = {
			isa = PBXVariantGroup;
			children = (
				30F5359C2074EFE0006DF67D /* Base */,
			);
			name = Main.storyboard;
			sourceTree = "<group>";
		};
		30F535A02074EFE0006DF67D /* LaunchScreen.storyboard */ = {
			isa = PBXVariantGroup;
			children = (
				30F535A12074EFE0006DF67D /* Base */,
			);
			name = LaunchScreen.storyboard;
			sourceTree = "<group>";
		};
/* End PBXVariantGroup section */

/* Begin XCBuildConfiguration section */
		30F535A42074EFE0006DF67D /* Debug */ = {
			isa = XCBuildConfiguration;
			buildSettings = {
				ALWAYS_SEARCH_USER_PATHS = NO;
				CLANG_ANALYZER_NONNULL = YES;
				CLANG_ANALYZER_NUMBER_OBJECT_CONVERSION = YES_AGGRESSIVE;
				CLANG_CXX_LANGUAGE_STANDARD = "gnu++14";
				CLANG_CXX_LIBRARY = "libc++";
				CLANG_ENABLE_MODULES = YES;
				CLANG_ENABLE_OBJC_ARC = YES;
				CLANG_WARN_BLOCK_CAPTURE_AUTORELEASING = YES;
				CLANG_WARN_BOOL_CONVERSION = YES;
				CLANG_WARN_COMMA = YES;
				CLANG_WARN_CONSTANT_CONVERSION = YES;
				CLANG_WARN_DIRECT_OBJC_ISA_USAGE = YES_ERROR;
				CLANG_WARN_DOCUMENTATION_COMMENTS = YES;
				CLANG_WARN_EMPTY_BODY = YES;
				CLANG_WARN_ENUM_CONVERSION = YES;
				CLANG_WARN_INFINITE_RECURSION = YES;
				CLANG_WARN_INT_CONVERSION = YES;
				CLANG_WARN_NON_LITERAL_NULL_CONVERSION = YES;
				CLANG_WARN_OBJC_LITERAL_CONVERSION = YES;
				CLANG_WARN_OBJC_ROOT_CLASS = YES_ERROR;
				CLANG_WARN_RANGE_LOOP_ANALYSIS = YES;
				CLANG_WARN_STRICT_PROTOTYPES = YES;
				CLANG_WARN_SUSPICIOUS_MOVE = YES;
				CLANG_WARN_UNGUARDED_AVAILABILITY = YES_AGGRESSIVE;
				CLANG_WARN_UNREACHABLE_CODE = YES;
				CLANG_WARN__DUPLICATE_METHOD_MATCH = YES;
				CODE_SIGN_IDENTITY = "iPhone Developer";
				COPY_PHASE_STRIP = NO;
				DEBUG_INFORMATION_FORMAT = dwarf;
				ENABLE_STRICT_OBJC_MSGSEND = YES;
				ENABLE_TESTABILITY = YES;
				GCC_C_LANGUAGE_STANDARD = gnu11;
				GCC_DYNAMIC_NO_PIC = NO;
				GCC_NO_COMMON_BLOCKS = YES;
				GCC_OPTIMIZATION_LEVEL = 0;
				GCC_PREPROCESSOR_DEFINITIONS = (
					"DEBUG=1",
					"$(inherited)",
				);
				GCC_WARN_64_TO_32_BIT_CONVERSION = YES;
				GCC_WARN_ABOUT_RETURN_TYPE = YES_ERROR;
				GCC_WARN_UNDECLARED_SELECTOR = YES;
				GCC_WARN_UNINITIALIZED_AUTOS = YES_AGGRESSIVE;
				GCC_WARN_UNUSED_FUNCTION = YES;
				GCC_WARN_UNUSED_VARIABLE = YES;
				IPHONEOS_DEPLOYMENT_TARGET = 11.2;
				MTL_ENABLE_DEBUG_INFO = YES;
				ONLY_ACTIVE_ARCH = YES;
				SDKROOT = iphoneos;
				SWIFT_ACTIVE_COMPILATION_CONDITIONS = DEBUG;
				SWIFT_OPTIMIZATION_LEVEL = "-Onone";
			};
			name = Debug;
		};
		30F535A52074EFE0006DF67D /* Release */ = {
			isa = XCBuildConfiguration;
			buildSettings = {
				ALWAYS_SEARCH_USER_PATHS = NO;
				CLANG_ANALYZER_NONNULL = YES;
				CLANG_ANALYZER_NUMBER_OBJECT_CONVERSION = YES_AGGRESSIVE;
				CLANG_CXX_LANGUAGE_STANDARD = "gnu++14";
				CLANG_CXX_LIBRARY = "libc++";
				CLANG_ENABLE_MODULES = YES;
				CLANG_ENABLE_OBJC_ARC = YES;
				CLANG_WARN_BLOCK_CAPTURE_AUTORELEASING = YES;
				CLANG_WARN_BOOL_CONVERSION = YES;
				CLANG_WARN_COMMA = YES;
				CLANG_WARN_CONSTANT_CONVERSION = YES;
				CLANG_WARN_DIRECT_OBJC_ISA_USAGE = YES_ERROR;
				CLANG_WARN_DOCUMENTATION_COMMENTS = YES;
				CLANG_WARN_EMPTY_BODY = YES;
				CLANG_WARN_ENUM_CONVERSION = YES;
				CLANG_WARN_INFINITE_RECURSION = YES;
				CLANG_WARN_INT_CONVERSION = YES;
				CLANG_WARN_NON_LITERAL_NULL_CONVERSION = YES;
				CLANG_WARN_OBJC_LITERAL_CONVERSION = YES;
				CLANG_WARN_OBJC_ROOT_CLASS = YES_ERROR;
				CLANG_WARN_RANGE_LOOP_ANALYSIS = YES;
				CLANG_WARN_STRICT_PROTOTYPES = YES;
				CLANG_WARN_SUSPICIOUS_MOVE = YES;
				CLANG_WARN_UNGUARDED_AVAILABILITY = YES_AGGRESSIVE;
				CLANG_WARN_UNREACHABLE_CODE = YES;
				CLANG_WARN__DUPLICATE_METHOD_MATCH = YES;
				CODE_SIGN_IDENTITY = "iPhone Developer";
				COPY_PHASE_STRIP = NO;
				DEBUG_INFORMATION_FORMAT = "dwarf-with-dsym";
				ENABLE_NS_ASSERTIONS = NO;
				ENABLE_STRICT_OBJC_MSGSEND = YES;
				GCC_C_LANGUAGE_STANDARD = gnu11;
				GCC_NO_COMMON_BLOCKS = YES;
				GCC_WARN_64_TO_32_BIT_CONVERSION = YES;
				GCC_WARN_ABOUT_RETURN_TYPE = YES_ERROR;
				GCC_WARN_UNDECLARED_SELECTOR = YES;
				GCC_WARN_UNINITIALIZED_AUTOS = YES_AGGRESSIVE;
				GCC_WARN_UNUSED_FUNCTION = YES;
				GCC_WARN_UNUSED_VARIABLE = YES;
				IPHONEOS_DEPLOYMENT_TARGET = 11.2;
				MTL_ENABLE_DEBUG_INFO = NO;
				SDKROOT = iphoneos;
				SWIFT_OPTIMIZATION_LEVEL = "-Owholemodule";
				VALIDATE_PRODUCT = YES;
			};
			name = Release;
		};
		30F535A72074EFE0006DF67D /* Debug */ = {
			isa = XCBuildConfiguration;
			buildSettings = {
				ASSETCATALOG_COMPILER_APPICON_NAME = AppIcon;
				CODE_SIGN_STYLE = Automatic;
				INFOPLIST_FILE = Gins/Info.plist;
				LD_RUNPATH_SEARCH_PATHS = "$(inherited) @executable_path/Frameworks";
				PRODUCT_BUNDLE_IDENTIFIER = site.deans.Gins;
				PRODUCT_NAME = "$(TARGET_NAME)";
				SWIFT_VERSION = 4.0;
				TARGETED_DEVICE_FAMILY = "1,2";
			};
			name = Debug;
		};
		30F535A82074EFE0006DF67D /* Release */ = {
			isa = XCBuildConfiguration;
			buildSettings = {
				ASSETCATALOG_COMPILER_APPICON_NAME = AppIcon;
				CODE_SIGN_STYLE = Automatic;
				INFOPLIST_FILE = Gins/Info.plist;
				LD_RUNPATH_SEARCH_PATHS = "$(inherited) @executable_path/Frameworks";
				PRODUCT_BUNDLE_IDENTIFIER = site.deans.Gins;
				PRODUCT_NAME = "$(TARGET_NAME)";
				SWIFT_VERSION = 4.0;
				TARGETED_DEVICE_FAMILY = "1,2";
			};
			name = Release;
		};
/* End XCBuildConfiguration section */

/* Begin XCConfigurationList section */
		30F5358F2074EFE0006DF67D /* Build configuration list for PBXProject "Gins" */ = {
			isa = XCConfigurationList;
			buildConfigurations = (
				30F535A42074EFE0006DF67D /* Debug */,
				30F535A52074EFE0006DF67D /* Release */,
			);
			defaultConfigurationIsVisible = 0;
			defaultConfigurationName = Release;
		};
		30F535A62074EFE0006DF67D /* Build configuration list for PBXNativeTarget "Gins" */ = {
			isa = XCConfigurationList;
			buildConfigurations = (
				30F535A72074EFE0006DF67D /* Debug */,
				30F535A82074EFE0006DF67D /* Release */,
			);
			defaultConfigurationIsVisible = 0;
			defaultConfigurationName = Release;
		};
/* End XCConfigurationList section */
	};
	rootObject = 30F5358C2074EFE0006DF67D /* Project object */;
}
